{
  "pins" : [
    {
      "identity" : "dummyswiftpackage",
      "kind" : "remoteSourceControl",
      "location" : "https://github.com/MarcoEidinger/DummySwiftPackage.git",
      "state" : {
        "revision" : "1fd0a50ab835eca1b6ad4ca89a6aa87e6ab02176",
        "version" : "2.0.0"
      }
    }
  ],
  "version" : 2
}
